// !$*UTF8*$!
{
	archiveVersion = 1;
	classes = {
	};
	objectVersion = 48;
	objects = {

/* Begin PBXBuildFile section */
		F16CB24E4679B75C7E692A6F /* Pods_TestRxSwift.framework in Frameworks */ = {isa = PBXBuildFile; fileRef = 5527DB43EE50565C395A18B6 /* Pods_TestRxSwift.framework */; };
		F54060821FC563BD007971D4 /* AppDelegate.swift in Sources */ = {isa = PBXBuildFile; fileRef = F54060811FC563BD007971D4 /* AppDelegate.swift */; };
		F54060841FC563BD007971D4 /* TickersViewController.swift in Sources */ = {isa = PBXBuildFile; fileRef = F54060831FC563BD007971D4 /* TickersViewController.swift */; };
		F54060891FC563BD007971D4 /* Assets.xcassets in Resources */ = {isa = PBXBuildFile; fileRef = F54060881FC563BD007971D4 /* Assets.xcassets */; };
		F540608C1FC563BD007971D4 /* LaunchScreen.storyboard in Resources */ = {isa = PBXBuildFile; fileRef = F540608A1FC563BD007971D4 /* LaunchScreen.storyboard */; };
		F54060961FC5B045007971D4 /* CustomTabBarViewController.swift in Sources */ = {isa = PBXBuildFile; fileRef = F54060951FC5B045007971D4 /* CustomTabBarViewController.swift */; };
		F54060981FC5B08F007971D4 /* SecondViewController.swift in Sources */ = {isa = PBXBuildFile; fileRef = F54060971FC5B08F007971D4 /* SecondViewController.swift */; };
		F540609B1FC5B51B007971D4 /* TickersTableViewCell.swift in Sources */ = {isa = PBXBuildFile; fileRef = F540609A1FC5B51B007971D4 /* TickersTableViewCell.swift */; };
		F540609D1FC5DA50007971D4 /* Ticker.swift in Sources */ = {isa = PBXBuildFile; fileRef = F540609C1FC5DA50007971D4 /* Ticker.swift */; };
		F540609F1FC5DA7B007971D4 /* APIManager.swift in Sources */ = {isa = PBXBuildFile; fileRef = F540609E1FC5DA7B007971D4 /* APIManager.swift */; };
		F54060A81FC83B95007971D4 /* extension UIView.swift in Sources */ = {isa = PBXBuildFile; fileRef = F54060A71FC83B95007971D4 /* extension UIView.swift */; };
/* End PBXBuildFile section */

/* Begin PBXFileReference section */
		0F2B1220A03F31875786CD76 /* Pods-TestRxSwift.debug.xcconfig */ = {isa = PBXFileReference; includeInIndex = 1; lastKnownFileType = text.xcconfig; name = "Pods-TestRxSwift.debug.xcconfig"; path = "Pods/Target Support Files/Pods-TestRxSwift/Pods-TestRxSwift.debug.xcconfig"; sourceTree = "<group>"; };
		5527DB43EE50565C395A18B6 /* Pods_TestRxSwift.framework */ = {isa = PBXFileReference; explicitFileType = wrapper.framework; includeInIndex = 0; path = Pods_TestRxSwift.framework; sourceTree = BUILT_PRODUCTS_DIR; };
		F540607E1FC563BD007971D4 /* TestRxSwift.app */ = {isa = PBXFileReference; explicitFileType = wrapper.application; includeInIndex = 0; path = TestRxSwift.app; sourceTree = BUILT_PRODUCTS_DIR; };
		F54060811FC563BD007971D4 /* AppDelegate.swift */ = {isa = PBXFileReference; lastKnownFileType = sourcecode.swift; path = AppDelegate.swift; sourceTree = "<group>"; };
		F54060831FC563BD007971D4 /* TickersViewController.swift */ = {isa = PBXFileReference; lastKnownFileType = sourcecode.swift; path = TickersViewController.swift; sourceTree = "<group>"; };
		F54060881FC563BD007971D4 /* Assets.xcassets */ = {isa = PBXFileReference; lastKnownFileType = folder.assetcatalog; path = Assets.xcassets; sourceTree = "<group>"; };
		F540608B1FC563BD007971D4 /* Base */ = {isa = PBXFileReference; lastKnownFileType = file.storyboard; name = Base; path = Base.lproj/LaunchScreen.storyboard; sourceTree = "<group>"; };
		F540608D1FC563BD007971D4 /* Info.plist */ = {isa = PBXFileReference; lastKnownFileType = text.plist.xml; path = Info.plist; sourceTree = "<group>"; };
		F54060951FC5B045007971D4 /* CustomTabBarViewController.swift */ = {isa = PBXFileReference; lastKnownFileType = sourcecode.swift; path = CustomTabBarViewController.swift; sourceTree = "<group>"; };
		F54060971FC5B08F007971D4 /* SecondViewController.swift */ = {isa = PBXFileReference; lastKnownFileType = sourcecode.swift; path = SecondViewController.swift; sourceTree = "<group>"; };
		F540609A1FC5B51B007971D4 /* TickersTableViewCell.swift */ = {isa = PBXFileReference; lastKnownFileType = sourcecode.swift; path = TickersTableViewCell.swift; sourceTree = "<group>"; };
		F540609C1FC5DA50007971D4 /* Ticker.swift */ = {isa = PBXFileReference; lastKnownFileType = sourcecode.swift; path = Ticker.swift; sourceTree = "<group>"; };
		F540609E1FC5DA7B007971D4 /* APIManager.swift */ = {isa = PBXFileReference; lastKnownFileType = sourcecode.swift; path = APIManager.swift; sourceTree = "<group>"; };
		F54060A71FC83B95007971D4 /* extension UIView.swift */ = {isa = PBXFileReference; lastKnownFileType = sourcecode.swift; path = "extension UIView.swift"; sourceTree = "<group>"; };
		FF65ACC865C563C424560A5A /* Pods-TestRxSwift.release.xcconfig */ = {isa = PBXFileReference; includeInIndex = 1; lastKnownFileType = text.xcconfig; name = "Pods-TestRxSwift.release.xcconfig"; path = "Pods/Target Support Files/Pods-TestRxSwift/Pods-TestRxSwift.release.xcconfig"; sourceTree = "<group>"; };
/* End PBXFileReference section */

/* Begin PBXFrameworksBuildPhase section */
		F540607B1FC563BD007971D4 /* Frameworks */ = {
			isa = PBXFrameworksBuildPhase;
			buildActionMask = 2147483647;
			files = (
				F16CB24E4679B75C7E692A6F /* Pods_TestRxSwift.framework in Frameworks */,
			);
			runOnlyForDeploymentPostprocessing = 0;
		};
/* End PBXFrameworksBuildPhase section */

/* Begin PBXGroup section */
		F54060751FC563BD007971D4 = {
			isa = PBXGroup;
			children = (
				F54060801FC563BD007971D4 /* TestRxSwift */,
				F540607F1FC563BD007971D4 /* Products */,
				FEF388552E5DCB0120B9F43B /* Pods */,
				F76B615E346D00594CF0F477 /* Frameworks */,
			);
			sourceTree = "<group>";
		};
		F540607F1FC563BD007971D4 /* Products */ = {
			isa = PBXGroup;
			children = (
				F540607E1FC563BD007971D4 /* TestRxSwift.app */,
			);
			name = Products;
			sourceTree = "<group>";
		};
		F54060801FC563BD007971D4 /* TestRxSwift */ = {
			isa = PBXGroup;
			children = (
				F54060811FC563BD007971D4 /* AppDelegate.swift */,
				F54060A61FC83AD7007971D4 /* extensions */,
				F54060991FC5B505007971D4 /* Cells */,
				F54060941FC590F4007971D4 /* Controllers */,
				F54060931FC590EE007971D4 /* Model */,
				F54060881FC563BD007971D4 /* Assets.xcassets */,
				F540608A1FC563BD007971D4 /* LaunchScreen.storyboard */,
				F540608D1FC563BD007971D4 /* Info.plist */,
			);
			path = TestRxSwift;
			sourceTree = "<group>";
		};
		F54060931FC590EE007971D4 /* Model */ = {
			isa = PBXGroup;
			children = (
				F540609C1FC5DA50007971D4 /* Ticker.swift */,
				F540609E1FC5DA7B007971D4 /* APIManager.swift */,
			);
			path = Model;
			sourceTree = "<group>";
		};
		F54060941FC590F4007971D4 /* Controllers */ = {
			isa = PBXGroup;
			children = (
				F54060831FC563BD007971D4 /* TickersViewController.swift */,
				F54060951FC5B045007971D4 /* CustomTabBarViewController.swift */,
				F54060971FC5B08F007971D4 /* SecondViewController.swift */,
			);
			path = Controllers;
			sourceTree = "<group>";
		};
		F54060991FC5B505007971D4 /* Cells */ = {
			isa = PBXGroup;
			children = (
				F540609A1FC5B51B007971D4 /* TickersTableViewCell.swift */,
			);
			path = Cells;
			sourceTree = "<group>";
		};
		F54060A61FC83AD7007971D4 /* extensions */ = {
			isa = PBXGroup;
			children = (
				F54060A71FC83B95007971D4 /* extension UIView.swift */,
			);
			path = extensions;
			sourceTree = "<group>";
		};
		F76B615E346D00594CF0F477 /* Frameworks */ = {
			isa = PBXGroup;
			children = (
				5527DB43EE50565C395A18B6 /* Pods_TestRxSwift.framework */,
			);
			name = Frameworks;
			sourceTree = "<group>";
		};
		FEF388552E5DCB0120B9F43B /* Pods */ = {
			isa = PBXGroup;
			children = (
				0F2B1220A03F31875786CD76 /* Pods-TestRxSwift.debug.xcconfig */,
				FF65ACC865C563C424560A5A /* Pods-TestRxSwift.release.xcconfig */,
			);
			name = Pods;
			sourceTree = "<group>";
		};
/* End PBXGroup section */

/* Begin PBXNativeTarget section */
		F540607D1FC563BD007971D4 /* TestRxSwift */ = {
			isa = PBXNativeTarget;
			buildConfigurationList = F54060901FC563BD007971D4 /* Build configuration list for PBXNativeTarget "TestRxSwift" */;
			buildPhases = (
				C03A7702633BE4E09D70B555 /* [CP] Check Pods Manifest.lock */,
				F540607A1FC563BD007971D4 /* Sources */,
				F540607B1FC563BD007971D4 /* Frameworks */,
				F540607C1FC563BD007971D4 /* Resources */,
				F1C62D6124391EEA9FDAC39D /* [CP] Embed Pods Frameworks */,
				6642EF7625DA0A45D428AD78 /* [CP] Copy Pods Resources */,
			);
			buildRules = (
			);
			dependencies = (
			);
			name = TestRxSwift;
			productName = TestRxSwift;
			productReference = F540607E1FC563BD007971D4 /* TestRxSwift.app */;
			productType = "com.apple.product-type.application";
		};
/* End PBXNativeTarget section */

/* Begin PBXProject section */
		F54060761FC563BD007971D4 /* Project object */ = {
			isa = PBXProject;
			attributes = {
				LastSwiftUpdateCheck = 0900;
				LastUpgradeCheck = 0900;
				ORGANIZATIONNAME = Vlad;
				TargetAttributes = {
					F540607D1FC563BD007971D4 = {
						CreatedOnToolsVersion = 9.0;
						ProvisioningStyle = Manual;
					};
				};
			};
			buildConfigurationList = F54060791FC563BD007971D4 /* Build configuration list for PBXProject "TestRxSwift" */;
			compatibilityVersion = "Xcode 8.0";
			developmentRegion = en;
			hasScannedForEncodings = 0;
			knownRegions = (
				en,
				Base,
			);
			mainGroup = F54060751FC563BD007971D4;
			productRefGroup = F540607F1FC563BD007971D4 /* Products */;
			projectDirPath = "";
			projectRoot = "";
			targets = (
				F540607D1FC563BD007971D4 /* TestRxSwift */,
			);
		};
/* End PBXProject section */

/* Begin PBXResourcesBuildPhase section */
		F540607C1FC563BD007971D4 /* Resources */ = {
			isa = PBXResourcesBuildPhase;
			buildActionMask = 2147483647;
			files = (
				F540608C1FC563BD007971D4 /* LaunchScreen.storyboard in Resources */,
				F54060891FC563BD007971D4 /* Assets.xcassets in Resources */,
			);
			runOnlyForDeploymentPostprocessing = 0;
		};
/* End PBXResourcesBuildPhase section */

/* Begin PBXShellScriptBuildPhase section */
		6642EF7625DA0A45D428AD78 /* [CP] Copy Pods Resources */ = {
			isa = PBXShellScriptBuildPhase;
			buildActionMask = 2147483647;
			files = (
			);
			inputPaths = (
			);
			name = "[CP] Copy Pods Resources";
			outputPaths = (
			);
			runOnlyForDeploymentPostprocessing = 0;
			shellPath = /bin/sh;
			shellScript = "\"${SRCROOT}/Pods/Target Support Files/Pods-TestRxSwift/Pods-TestRxSwift-resources.sh\"\n";
			showEnvVarsInLog = 0;
		};
		C03A7702633BE4E09D70B555 /* [CP] Check Pods Manifest.lock */ = {
			isa = PBXShellScriptBuildPhase;
			buildActionMask = 2147483647;
			files = (
			);
			inputPaths = (
			);
			name = "[CP] Check Pods Manifest.lock";
			outputPaths = (
			);
			runOnlyForDeploymentPostprocessing = 0;
			shellPath = /bin/sh;
			shellScript = "diff \"${PODS_ROOT}/../Podfile.lock\" \"${PODS_ROOT}/Manifest.lock\" > /dev/null\nif [ $? != 0 ] ; then\n    # print error to STDERR\n    echo \"error: The sandbox is not in sync with the Podfile.lock. Run 'pod install' or update your CocoaPods installation.\" >&2\n    exit 1\nfi\n";
			showEnvVarsInLog = 0;
		};
		F1C62D6124391EEA9FDAC39D /* [CP] Embed Pods Frameworks */ = {
			isa = PBXShellScriptBuildPhase;
			buildActionMask = 2147483647;
			files = (
			);
			inputPaths = (
			);
			name = "[CP] Embed Pods Frameworks";
			outputPaths = (
			);
			runOnlyForDeploymentPostprocessing = 0;
			shellPath = /bin/sh;
			shellScript = "\"${SRCROOT}/Pods/Target Support Files/Pods-TestRxSwift/Pods-TestRxSwift-frameworks.sh\"\n";
			showEnvVarsInLog = 0;
		};
/* End PBXShellScriptBuildPhase section */

/* Begin PBXSourcesBuildPhase section */
		F540607A1FC563BD007971D4 /* Sources */ = {
			isa = PBXSourcesBuildPhase;
			buildActionMask = 2147483647;
			files = (
				F54060981FC5B08F007971D4 /* SecondViewController.swift in Sources */,
				F540609B1FC5B51B007971D4 /* TickersTableViewCell.swift in Sources */,
				F54060841FC563BD007971D4 /* TickersViewController.swift in Sources */,
				F54060821FC563BD007971D4 /* AppDelegate.swift in Sources */,
				F540609D1FC5DA50007971D4 /* Ticker.swift in Sources */,
				F54060961FC5B045007971D4 /* CustomTabBarViewController.swift in Sources */,
				F540609F1FC5DA7B007971D4 /* APIManager.swift in Sources */,
				F54060A81FC83B95007971D4 /* extension UIView.swift in Sources */,
			);
			runOnlyForDeploymentPostprocessing = 0;
		};
/* End PBXSourcesBuildPhase section */

/* Begin PBXVariantGroup section */
		F540608A1FC563BD007971D4 /* LaunchScreen.storyboard */ = {
			isa = PBXVariantGroup;
			children = (
				F540608B1FC563BD007971D4 /* Base */,
			);
			name = LaunchScreen.storyboard;
			sourceTree = "<group>";
		};
/* End PBXVariantGroup section */

/* Begin XCBuildConfiguration section */
		F540608E1FC563BD007971D4 /* Debug */ = {
			isa = XCBuildConfiguration;
			buildSettings = {
				ALWAYS_SEARCH_USER_PATHS = NO;
				CLANG_ANALYZER_NONNULL = YES;
				CLANG_ANALYZER_NUMBER_OBJECT_CONVERSION = YES_AGGRESSIVE;
				CLANG_CXX_LANGUAGE_STANDARD = "gnu++14";
				CLANG_CXX_LIBRARY = "libc++";
				CLANG_ENABLE_MODULES = YES;
				CLANG_ENABLE_OBJC_ARC = YES;
				CLANG_WARN_BLOCK_CAPTURE_AUTORELEASING = YES;
				CLANG_WARN_BOOL_CONVERSION = YES;
				CLANG_WARN_COMMA = YES;
				CLANG_WARN_CONSTANT_CONVERSION = YES;
				CLANG_WARN_DIRECT_OBJC_ISA_USAGE = YES_ERROR;
				CLANG_WARN_DOCUMENTATION_COMMENTS = YES;
				CLANG_WARN_EMPTY_BODY = YES;
				CLANG_WARN_ENUM_CONVERSION = YES;
				CLANG_WARN_INFINITE_RECURSION = YES;
				CLANG_WARN_INT_CONVERSION = YES;
				CLANG_WARN_NON_LITERAL_NULL_CONVERSION = YES;
				CLANG_WARN_OBJC_LITERAL_CONVERSION = YES;
				CLANG_WARN_OBJC_ROOT_CLASS = YES_ERROR;
				CLANG_WARN_RANGE_LOOP_ANALYSIS = YES;
				CLANG_WARN_STRICT_PROTOTYPES = YES;
				CLANG_WARN_SUSPICIOUS_MOVE = YES;
				CLANG_WARN_UNGUARDED_AVAILABILITY = YES_AGGRESSIVE;
				CLANG_WARN_UNREACHABLE_CODE = YES;
				CLANG_WARN__DUPLICATE_METHOD_MATCH = YES;
				CODE_SIGN_IDENTITY = "iPhone Developer";
				COPY_PHASE_STRIP = NO;
				DEBUG_INFORMATION_FORMAT = dwarf;
				ENABLE_STRICT_OBJC_MSGSEND = YES;
				ENABLE_TESTABILITY = YES;
				GCC_C_LANGUAGE_STANDARD = gnu11;
				GCC_DYNAMIC_NO_PIC = NO;
				GCC_NO_COMMON_BLOCKS = YES;
				GCC_OPTIMIZATION_LEVEL = 0;
				GCC_PREPROCESSOR_DEFINITIONS = (
					"DEBUG=1",
					"$(inherited)",
				);
				GCC_WARN_64_TO_32_BIT_CONVERSION = YES;
				GCC_WARN_ABOUT_RETURN_TYPE = YES_ERROR;
				GCC_WARN_UNDECLARED_SELECTOR = YES;
				GCC_WARN_UNINITIALIZED_AUTOS = YES_AGGRESSIVE;
				GCC_WARN_UNUSED_FUNCTION = YES;
				GCC_WARN_UNUSED_VARIABLE = YES;
				IPHONEOS_DEPLOYMENT_TARGET = 9.0;
				MTL_ENABLE_DEBUG_INFO = YES;
				ONLY_ACTIVE_ARCH = YES;
				SDKROOT = iphoneos;
				SWIFT_ACTIVE_COMPILATION_CONDITIONS = DEBUG;
				SWIFT_OPTIMIZATION_LEVEL = "-Onone";
			};
			name = Debug;
		};
		F540608F1FC563BD007971D4 /* Release */ = {
			isa = XCBuildConfiguration;
			buildSettings = {
				ALWAYS_SEARCH_USER_PATHS = NO;
				CLANG_ANALYZER_NONNULL = YES;
				CLANG_ANALYZER_NUMBER_OBJECT_CONVERSION = YES_AGGRESSIVE;
				CLANG_CXX_LANGUAGE_STANDARD = "gnu++14";
				CLANG_CXX_LIBRARY = "libc++";
				CLANG_ENABLE_MODULES = YES;
				CLANG_ENABLE_OBJC_ARC = YES;
				CLANG_WARN_BLOCK_CAPTURE_AUTORELEASING = YES;
				CLANG_WARN_BOOL_CONVERSION = YES;
				CLANG_WARN_COMMA = YES;
				CLANG_WARN_CONSTANT_CONVERSION = YES;
				CLANG_WARN_DIRECT_OBJC_ISA_USAGE = YES_ERROR;
				CLANG_WARN_DOCUMENTATION_COMMENTS = YES;
				CLANG_WARN_EMPTY_BODY = YES;
				CLANG_WARN_ENUM_CONVERSION = YES;
				CLANG_WARN_INFINITE_RECURSION = YES;
				CLANG_WARN_INT_CONVERSION = YES;
				CLANG_WARN_NON_LITERAL_NULL_CONVERSION = YES;
				CLANG_WARN_OBJC_LITERAL_CONVERSION = YES;
				CLANG_WARN_OBJC_ROOT_CLASS = YES_ERROR;
				CLANG_WARN_RANGE_LOOP_ANALYSIS = YES;
				CLANG_WARN_STRICT_PROTOTYPES = YES;
				CLANG_WARN_SUSPICIOUS_MOVE = YES;
				CLANG_WARN_UNGUARDED_AVAILABILITY = YES_AGGRESSIVE;
				CLANG_WARN_UNREACHABLE_CODE = YES;
				CLANG_WARN__DUPLICATE_METHOD_MATCH = YES;
				CODE_SIGN_IDENTITY = "iPhone Developer";
				COPY_PHASE_STRIP = NO;
				DEBUG_INFORMATION_FORMAT = "dwarf-with-dsym";
				ENABLE_NS_ASSERTIONS = NO;
				ENABLE_STRICT_OBJC_MSGSEND = YES;
				GCC_C_LANGUAGE_STANDARD = gnu11;
				GCC_NO_COMMON_BLOCKS = YES;
				GCC_WARN_64_TO_32_BIT_CONVERSION = YES;
				GCC_WARN_ABOUT_RETURN_TYPE = YES_ERROR;
				GCC_WARN_UNDECLARED_SELECTOR = YES;
				GCC_WARN_UNINITIALIZED_AUTOS = YES_AGGRESSIVE;
				GCC_WARN_UNUSED_FUNCTION = YES;
				GCC_WARN_UNUSED_VARIABLE = YES;
				IPHONEOS_DEPLOYMENT_TARGET = 9.0;
				MTL_ENABLE_DEBUG_INFO = NO;
				SDKROOT = iphoneos;
				SWIFT_OPTIMIZATION_LEVEL = "-Owholemodule";
				VALIDATE_PRODUCT = YES;
			};
			name = Release;
		};
		F54060911FC563BD007971D4 /* Debug */ = {
			isa = XCBuildConfiguration;
			baseConfigurationReference = 0F2B1220A03F31875786CD76 /* Pods-TestRxSwift.debug.xcconfig */;
			buildSettings = {
				ASSETCATALOG_COMPILER_APPICON_NAME = AppIcon;
				CODE_SIGN_STYLE = Manual;
				DEVELOPMENT_TEAM = "";
				INFOPLIST_FILE = TestRxSwift/Info.plist;
				IPHONEOS_DEPLOYMENT_TARGET = 9.0;
				LD_RUNPATH_SEARCH_PATHS = "$(inherited) @executable_path/Frameworks";
				PRODUCT_BUNDLE_IDENTIFIER = com.TestRxSwift;
				PRODUCT_NAME = "$(TARGET_NAME)";
				PROVISIONING_PROFILE_SPECIFIER = "";
				SWIFT_VERSION = 4.0;
				TARGETED_DEVICE_FAMILY = "1,2";
			};
			name = Debug;
		};
		F54060921FC563BD007971D4 /* Release */ = {
			isa = XCBuildConfiguration;
			baseConfigurationReference = FF65ACC865C563C424560A5A /* Pods-TestRxSwift.release.xcconfig */;
			buildSettings = {
				ASSETCATALOG_COMPILER_APPICON_NAME = AppIcon;
				CODE_SIGN_STYLE = Manual;
				DEVELOPMENT_TEAM = "";
				INFOPLIST_FILE = TestRxSwift/Info.plist;
				IPHONEOS_DEPLOYMENT_TARGET = 9.0;
				LD_RUNPATH_SEARCH_PATHS = "$(inherited) @executable_path/Frameworks";
				PRODUCT_BUNDLE_IDENTIFIER = com.TestRxSwift;
				PRODUCT_NAME = "$(TARGET_NAME)";
				PROVISIONING_PROFILE_SPECIFIER = "";
				SWIFT_VERSION = 4.0;
				TARGETED_DEVICE_FAMILY = "1,2";
			};
			name = Release;
		};
/* End XCBuildConfiguration section */

/* Begin XCConfigurationList section */
		F54060791FC563BD007971D4 /* Build configuration list for PBXProject "TestRxSwift" */ = {
			isa = XCConfigurationList;
			buildConfigurations = (
				F540608E1FC563BD007971D4 /* Debug */,
				F540608F1FC563BD007971D4 /* Release */,
			);
			defaultConfigurationIsVisible = 0;
			defaultConfigurationName = Release;
		};
		F54060901FC563BD007971D4 /* Build configuration list for PBXNativeTarget "TestRxSwift" */ = {
			isa = XCConfigurationList;
			buildConfigurations = (
				F54060911FC563BD007971D4 /* Debug */,
				F54060921FC563BD007971D4 /* Release */,
			);
			defaultConfigurationIsVisible = 0;
			defaultConfigurationName = Release;
		};
/* End XCConfigurationList section */
	};
	rootObject = F54060761FC563BD007971D4 /* Project object */;
}
